
Microsoft Visual Studio Solution File, Format Version 12.00
# Visual Studio Version 17
VisualStudioVersion = 17.0.31903.59
MinimumVisualStudioVersion = 10.0.40219.1
Project("{FAE04EC0-301F-11D3-BF4B-00C04F79EFBC}") = "CookingApp.Backend", "CookingApp.Backend\CookingApp.Backend.csproj", "{446043A5-78E7-46EE-839D-5BCE84379905}"
EndProject
Project("{9A19103F-16F7-4668-BE54-9A1E7A4F7556}") = "_build", "build\_build.csproj", "{7D74DA82-0E8D-4271-A58F-11AB2B6200F8}"
EndProject
Global
	GlobalSection(SolutionConfigurationPlatforms) = preSolution
		Debug|Any CPU = Debug|Any CPU
		Release|Any CPU = Release|Any CPU
	EndGlobalSection
	GlobalSection(SolutionProperties) = preSolution
		HideSolutionNode = FALSE
	EndGlobalSection
	GlobalSection(ProjectConfigurationPlatforms) = postSolution
		{7D74DA82-0E8D-4271-A58F-11AB2B6200F8}.Debug|Any CPU.ActiveCfg = Debug|Any CPU
		{7D74DA82-0E8D-4271-A58F-11AB2B6200F8}.Release|Any CPU.ActiveCfg = Release|Any CPU
		{446043A5-78E7-46EE-839D-5BCE84379905}.Debug|Any CPU.ActiveCfg = Debug|Any CPU
		{446043A5-78E7-46EE-839D-5BCE84379905}.Debug|Any CPU.Build.0 = Debug|Any CPU
		{446043A5-78E7-46EE-839D-5BCE84379905}.Release|Any CPU.ActiveCfg = Release|Any CPU
		{446043A5-78E7-46EE-839D-5BCE84379905}.Release|Any CPU.Build.0 = Release|Any CPU
	EndGlobalSection
EndGlobal
